
Microsoft Visual Studio Solution File, Format Version 12.00
# Visual Studio Version 17
VisualStudioVersion = 17.7.34024.191
MinimumVisualStudioVersion = 10.0.40219.1
Project("{FAE04EC0-301F-11D3-BF4B-00C04F79EFBC}") = "szinozon2", "szinozon2\szinozon2.csproj", "{A040B622-15D1-4732-B83E-93D88D31A38C}"
EndProject
Global
	GlobalSection(SolutionConfigurationPlatforms) = preSolution
		Debug|Any CPU = Debug|Any CPU
		Release|Any CPU = Release|Any CPU
	EndGlobalSection
	GlobalSection(ProjectConfigurationPlatforms) = postSolution
		{A040B622-15D1-4732-B83E-93D88D31A38C}.Debug|Any CPU.ActiveCfg = Debug|Any CPU
		{A040B622-15D1-4732-B83E-93D88D31A38C}.Debug|Any CPU.Build.0 = Debug|Any CPU
		{A040B622-15D1-4732-B83E-93D88D31A38C}.Release|Any CPU.ActiveCfg = Release|Any CPU
		{A040B622-15D1-4732-B83E-93D88D31A38C}.Release|Any CPU.Build.0 = Release|Any CPU
	EndGlobalSection
	GlobalSection(SolutionProperties) = preSolution
		HideSolutionNode = FALSE
	EndGlobalSection
	GlobalSection(ExtensibilityGlobals) = postSolution
		SolutionGuid = {A18BF426-8FC0-42A3-8E3A-694188A23169}
	EndGlobalSection
EndGlobal
