
Microsoft Visual Studio Solution File, Format Version 12.00
# Visual Studio Version 17
VisualStudioVersion = 17.7.34024.191
MinimumVisualStudioVersion = 10.0.40219.1
Project("{FAE04EC0-301F-11D3-BF4B-00C04F79EFBC}") = "palindrom_hf", "palindrom_hf\palindrom_hf.csproj", "{A182713D-2F2D-493A-9C6D-57A1DC8A52FB}"
EndProject
Global
	GlobalSection(SolutionConfigurationPlatforms) = preSolution
		Debug|Any CPU = Debug|Any CPU
		Release|Any CPU = Release|Any CPU
	EndGlobalSection
	GlobalSection(ProjectConfigurationPlatforms) = postSolution
		{A182713D-2F2D-493A-9C6D-57A1DC8A52FB}.Debug|Any CPU.ActiveCfg = Debug|Any CPU
		{A182713D-2F2D-493A-9C6D-57A1DC8A52FB}.Debug|Any CPU.Build.0 = Debug|Any CPU
		{A182713D-2F2D-493A-9C6D-57A1DC8A52FB}.Release|Any CPU.ActiveCfg = Release|Any CPU
		{A182713D-2F2D-493A-9C6D-57A1DC8A52FB}.Release|Any CPU.Build.0 = Release|Any CPU
	EndGlobalSection
	GlobalSection(SolutionProperties) = preSolution
		HideSolutionNode = FALSE
	EndGlobalSection
	GlobalSection(ExtensibilityGlobals) = postSolution
		SolutionGuid = {BB761A02-9EF8-404E-B472-84FA2499F7BD}
	EndGlobalSection
EndGlobal
